
Microsoft Visual Studio Solution File, Format Version 12.00
# Visual Studio Version 17
VisualStudioVersion = 17.14.36221.1 d17.14
MinimumVisualStudioVersion = 10.0.40219.1
Project("{FAE04EC0-301F-11D3-BF4B-00C04F79EFBC}") = "01.ChangeList", "01.ChangeList\01.ChangeList.csproj", "{2A45CBE1-CAEA-40D8-A3E3-56F35AD22BC1}"
EndProject
Project("{FAE04EC0-301F-11D3-BF4B-00C04F79EFBC}") = "02.ListOfProducts", "02.ListOfProducts\02.ListOfProducts.csproj", "{B797CD8F-6917-423D-A311-06DE174C6A50}"
EndProject
Project("{FAE04EC0-301F-11D3-BF4B-00C04F79EFBC}") = "03.RemoveNegativesAndReverse", "03.RemoveNegativesAndReverse\03.RemoveNegativesAndReverse.csproj", "{FD8656F1-58ED-4AC0-AA36-380FE9528E24}"
EndProject
Global
	GlobalSection(SolutionConfigurationPlatforms) = preSolution
		Debug|Any CPU = Debug|Any CPU
		Release|Any CPU = Release|Any CPU
	EndGlobalSection
	GlobalSection(ProjectConfigurationPlatforms) = postSolution
		{2A45CBE1-CAEA-40D8-A3E3-56F35AD22BC1}.Debug|Any CPU.ActiveCfg = Debug|Any CPU
		{2A45CBE1-CAEA-40D8-A3E3-56F35AD22BC1}.Debug|Any CPU.Build.0 = Debug|Any CPU
		{2A45CBE1-CAEA-40D8-A3E3-56F35AD22BC1}.Release|Any CPU.ActiveCfg = Release|Any CPU
		{2A45CBE1-CAEA-40D8-A3E3-56F35AD22BC1}.Release|Any CPU.Build.0 = Release|Any CPU
		{B797CD8F-6917-423D-A311-06DE174C6A50}.Debug|Any CPU.ActiveCfg = Debug|Any CPU
		{B797CD8F-6917-423D-A311-06DE174C6A50}.Debug|Any CPU.Build.0 = Debug|Any CPU
		{B797CD8F-6917-423D-A311-06DE174C6A50}.Release|Any CPU.ActiveCfg = Release|Any CPU
		{B797CD8F-6917-423D-A311-06DE174C6A50}.Release|Any CPU.Build.0 = Release|Any CPU
		{FD8656F1-58ED-4AC0-AA36-380FE9528E24}.Debug|Any CPU.ActiveCfg = Debug|Any CPU
		{FD8656F1-58ED-4AC0-AA36-380FE9528E24}.Debug|Any CPU.Build.0 = Debug|Any CPU
		{FD8656F1-58ED-4AC0-AA36-380FE9528E24}.Release|Any CPU.ActiveCfg = Release|Any CPU
		{FD8656F1-58ED-4AC0-AA36-380FE9528E24}.Release|Any CPU.Build.0 = Release|Any CPU
	EndGlobalSection
	GlobalSection(SolutionProperties) = preSolution
		HideSolutionNode = FALSE
	EndGlobalSection
	GlobalSection(ExtensibilityGlobals) = postSolution
		SolutionGuid = {029F43C8-D69B-4CD3-A226-F52A43DEB84A}
	EndGlobalSection
EndGlobal
