
Microsoft Visual Studio Solution File, Format Version 12.00
# Visual Studio Version 17
VisualStudioVersion = 17.13.35931.197 d17.13
MinimumVisualStudioVersion = 10.0.40219.1
Project("{FAE04EC0-301F-11D3-BF4B-00C04F79EFBC}") = "DataTypesAndVariables", "DataTypesAndVariables\DataTypesAndVariables.csproj", "{00915E14-F974-43AF-A64C-00A972986BBA}"
EndProject
Project("{FAE04EC0-301F-11D3-BF4B-00C04F79EFBC}") = "06.CustomerInfo", "06.CustomerInfo\06.CustomerInfo.csproj", "{17CCDCF4-947B-4A53-A1AC-3403FDFFFEC5}"
EndProject
Global
	GlobalSection(SolutionConfigurationPlatforms) = preSolution
		Debug|Any CPU = Debug|Any CPU
		Release|Any CPU = Release|Any CPU
	EndGlobalSection
	GlobalSection(ProjectConfigurationPlatforms) = postSolution
		{00915E14-F974-43AF-A64C-00A972986BBA}.Debug|Any CPU.ActiveCfg = Debug|Any CPU
		{00915E14-F974-43AF-A64C-00A972986BBA}.Debug|Any CPU.Build.0 = Debug|Any CPU
		{00915E14-F974-43AF-A64C-00A972986BBA}.Release|Any CPU.ActiveCfg = Release|Any CPU
		{00915E14-F974-43AF-A64C-00A972986BBA}.Release|Any CPU.Build.0 = Release|Any CPU
		{17CCDCF4-947B-4A53-A1AC-3403FDFFFEC5}.Debug|Any CPU.ActiveCfg = Debug|Any CPU
		{17CCDCF4-947B-4A53-A1AC-3403FDFFFEC5}.Debug|Any CPU.Build.0 = Debug|Any CPU
		{17CCDCF4-947B-4A53-A1AC-3403FDFFFEC5}.Release|Any CPU.ActiveCfg = Release|Any CPU
		{17CCDCF4-947B-4A53-A1AC-3403FDFFFEC5}.Release|Any CPU.Build.0 = Release|Any CPU
	EndGlobalSection
	GlobalSection(SolutionProperties) = preSolution
		HideSolutionNode = FALSE
	EndGlobalSection
	GlobalSection(ExtensibilityGlobals) = postSolution
		SolutionGuid = {6FE0FDFB-3502-46C5-824F-46E6267C7439}
	EndGlobalSection
EndGlobal
