
Microsoft Visual Studio Solution File, Format Version 12.00
# Visual Studio Version 17
VisualStudioVersion = 17.14.36301.6 d17.14
MinimumVisualStudioVersion = 10.0.40219.1
Project("{FAE04EC0-301F-11D3-BF4B-00C04F79EFBC}") = "01.Students", "01.Students\01.Students.csproj", "{14D361A2-46D7-4FBD-99FF-FEB6D0975FE9}"
EndProject
Project("{FAE04EC0-301F-11D3-BF4B-00C04F79EFBC}") = "02. Articles", "02. Articles\02. Articles.csproj", "{5DEE66B1-E489-4F3A-AB1C-780FA8A211E4}"
EndProject
Project("{FAE04EC0-301F-11D3-BF4B-00C04F79EFBC}") = "03.TeamWorkProjects", "03.TeamWorkProjects\03.TeamWorkProjects.csproj", "{087D7892-9AF9-4537-92BF-3310C0D5C879}"
EndProject
Global
	GlobalSection(SolutionConfigurationPlatforms) = preSolution
		Debug|Any CPU = Debug|Any CPU
		Release|Any CPU = Release|Any CPU
	EndGlobalSection
	GlobalSection(ProjectConfigurationPlatforms) = postSolution
		{14D361A2-46D7-4FBD-99FF-FEB6D0975FE9}.Debug|Any CPU.ActiveCfg = Debug|Any CPU
		{14D361A2-46D7-4FBD-99FF-FEB6D0975FE9}.Debug|Any CPU.Build.0 = Debug|Any CPU
		{14D361A2-46D7-4FBD-99FF-FEB6D0975FE9}.Release|Any CPU.ActiveCfg = Release|Any CPU
		{14D361A2-46D7-4FBD-99FF-FEB6D0975FE9}.Release|Any CPU.Build.0 = Release|Any CPU
		{5DEE66B1-E489-4F3A-AB1C-780FA8A211E4}.Debug|Any CPU.ActiveCfg = Debug|Any CPU
		{5DEE66B1-E489-4F3A-AB1C-780FA8A211E4}.Debug|Any CPU.Build.0 = Debug|Any CPU
		{5DEE66B1-E489-4F3A-AB1C-780FA8A211E4}.Release|Any CPU.ActiveCfg = Release|Any CPU
		{5DEE66B1-E489-4F3A-AB1C-780FA8A211E4}.Release|Any CPU.Build.0 = Release|Any CPU
		{087D7892-9AF9-4537-92BF-3310C0D5C879}.Debug|Any CPU.ActiveCfg = Debug|Any CPU
		{087D7892-9AF9-4537-92BF-3310C0D5C879}.Debug|Any CPU.Build.0 = Debug|Any CPU
		{087D7892-9AF9-4537-92BF-3310C0D5C879}.Release|Any CPU.ActiveCfg = Release|Any CPU
		{087D7892-9AF9-4537-92BF-3310C0D5C879}.Release|Any CPU.Build.0 = Release|Any CPU
	EndGlobalSection
	GlobalSection(SolutionProperties) = preSolution
		HideSolutionNode = FALSE
	EndGlobalSection
	GlobalSection(ExtensibilityGlobals) = postSolution
		SolutionGuid = {8C46E418-F9AF-43E5-8FC4-AA046946CB29}
	EndGlobalSection
EndGlobal
