
Microsoft Visual Studio Solution File, Format Version 12.00
# Visual Studio Version 17
VisualStudioVersion = 17.14.36109.1 d17.14
MinimumVisualStudioVersion = 10.0.40219.1
Project("{FAE04EC0-301F-11D3-BF4B-00C04F79EFBC}") = "07.SpecialNumber", "07.SpecialNumber\07.SpecialNumber.csproj", "{7BEBCE7F-CF11-4108-BFEB-38DFDB7730C7}"
EndProject
Project("{FAE04EC0-301F-11D3-BF4B-00C04F79EFBC}") = "09.SpecialBonus", "09.SpecialBonus\09.SpecialBonus.csproj", "{6959D396-15D0-43E1-8F3D-FF8AC8100429}"
EndProject
Project("{FAE04EC0-301F-11D3-BF4B-00C04F79EFBC}") = "AccountBalance", "AccountBalance\AccountBalance.csproj", "{5CE9F6A7-2E6D-44E5-9CEC-525B7C6427BF}"
EndProject
Project("{FAE04EC0-301F-11D3-BF4B-00C04F79EFBC}") = "01.NumbersFromNTo1", "01.NumbersFromNTo1\01.NumbersFromNTo1.csproj", "{96ABA5AA-89FC-48DA-936F-C8BB66F3B30B}"
EndProject
Project("{FAE04EC0-301F-11D3-BF4B-00C04F79EFBC}") = "02.EvenPowersOf2", "02.EvenPowersOf2\02.EvenPowersOf2.csproj", "{5659157A-D828-4963-9FA0-1D3B6BE69477}"
EndProject
Project("{FAE04EC0-301F-11D3-BF4B-00C04F79EFBC}") = "03.TriangleOfStars", "03.TriangleOfStars\03.TriangleOfStars.csproj", "{5B9807B8-F247-41C0-B104-6EDA6CF2862E}"
EndProject
Project("{FAE04EC0-301F-11D3-BF4B-00C04F79EFBC}") = "04.Building", "04.Building\04.Building.csproj", "{BB67C08B-7A2E-440F-85E6-5BE34325FA6A}"
EndProject
Global
	GlobalSection(SolutionConfigurationPlatforms) = preSolution
		Debug|Any CPU = Debug|Any CPU
		Release|Any CPU = Release|Any CPU
	EndGlobalSection
	GlobalSection(ProjectConfigurationPlatforms) = postSolution
		{7BEBCE7F-CF11-4108-BFEB-38DFDB7730C7}.Debug|Any CPU.ActiveCfg = Debug|Any CPU
		{7BEBCE7F-CF11-4108-BFEB-38DFDB7730C7}.Debug|Any CPU.Build.0 = Debug|Any CPU
		{7BEBCE7F-CF11-4108-BFEB-38DFDB7730C7}.Release|Any CPU.ActiveCfg = Release|Any CPU
		{7BEBCE7F-CF11-4108-BFEB-38DFDB7730C7}.Release|Any CPU.Build.0 = Release|Any CPU
		{6959D396-15D0-43E1-8F3D-FF8AC8100429}.Debug|Any CPU.ActiveCfg = Debug|Any CPU
		{6959D396-15D0-43E1-8F3D-FF8AC8100429}.Debug|Any CPU.Build.0 = Debug|Any CPU
		{6959D396-15D0-43E1-8F3D-FF8AC8100429}.Release|Any CPU.ActiveCfg = Release|Any CPU
		{6959D396-15D0-43E1-8F3D-FF8AC8100429}.Release|Any CPU.Build.0 = Release|Any CPU
		{5CE9F6A7-2E6D-44E5-9CEC-525B7C6427BF}.Debug|Any CPU.ActiveCfg = Debug|Any CPU
		{5CE9F6A7-2E6D-44E5-9CEC-525B7C6427BF}.Debug|Any CPU.Build.0 = Debug|Any CPU
		{5CE9F6A7-2E6D-44E5-9CEC-525B7C6427BF}.Release|Any CPU.ActiveCfg = Release|Any CPU
		{5CE9F6A7-2E6D-44E5-9CEC-525B7C6427BF}.Release|Any CPU.Build.0 = Release|Any CPU
		{96ABA5AA-89FC-48DA-936F-C8BB66F3B30B}.Debug|Any CPU.ActiveCfg = Debug|Any CPU
		{96ABA5AA-89FC-48DA-936F-C8BB66F3B30B}.Debug|Any CPU.Build.0 = Debug|Any CPU
		{96ABA5AA-89FC-48DA-936F-C8BB66F3B30B}.Release|Any CPU.ActiveCfg = Release|Any CPU
		{96ABA5AA-89FC-48DA-936F-C8BB66F3B30B}.Release|Any CPU.Build.0 = Release|Any CPU
		{5659157A-D828-4963-9FA0-1D3B6BE69477}.Debug|Any CPU.ActiveCfg = Debug|Any CPU
		{5659157A-D828-4963-9FA0-1D3B6BE69477}.Debug|Any CPU.Build.0 = Debug|Any CPU
		{5659157A-D828-4963-9FA0-1D3B6BE69477}.Release|Any CPU.ActiveCfg = Release|Any CPU
		{5659157A-D828-4963-9FA0-1D3B6BE69477}.Release|Any CPU.Build.0 = Release|Any CPU
		{5B9807B8-F247-41C0-B104-6EDA6CF2862E}.Debug|Any CPU.ActiveCfg = Debug|Any CPU
		{5B9807B8-F247-41C0-B104-6EDA6CF2862E}.Debug|Any CPU.Build.0 = Debug|Any CPU
		{5B9807B8-F247-41C0-B104-6EDA6CF2862E}.Release|Any CPU.ActiveCfg = Release|Any CPU
		{5B9807B8-F247-41C0-B104-6EDA6CF2862E}.Release|Any CPU.Build.0 = Release|Any CPU
		{BB67C08B-7A2E-440F-85E6-5BE34325FA6A}.Debug|Any CPU.ActiveCfg = Debug|Any CPU
		{BB67C08B-7A2E-440F-85E6-5BE34325FA6A}.Debug|Any CPU.Build.0 = Debug|Any CPU
		{BB67C08B-7A2E-440F-85E6-5BE34325FA6A}.Release|Any CPU.ActiveCfg = Release|Any CPU
		{BB67C08B-7A2E-440F-85E6-5BE34325FA6A}.Release|Any CPU.Build.0 = Release|Any CPU
	EndGlobalSection
	GlobalSection(SolutionProperties) = preSolution
		HideSolutionNode = FALSE
	EndGlobalSection
	GlobalSection(ExtensibilityGlobals) = postSolution
		SolutionGuid = {54FB5DC5-3AA2-4DBF-8F72-1B928E6CF2CA}
	EndGlobalSection
EndGlobal
