
Microsoft Visual Studio Solution File, Format Version 12.00
# Visual Studio Version 17
VisualStudioVersion = 17.14.36301.6 d17.14
MinimumVisualStudioVersion = 10.0.40219.1
Project("{FAE04EC0-301F-11D3-BF4B-00C04F79EFBC}") = "01.SquareRoot", "01.SquareRoot\01.SquareRoot.csproj", "{D0BEFAC8-F38E-42F6-856B-7FFAD86B0D5D}"
EndProject
Project("{FAE04EC0-301F-11D3-BF4B-00C04F79EFBC}") = "02.EnterNumbers", "02.EnterNumbers\02.EnterNumbers.csproj", "{69FA23C2-2DF2-4537-80B2-537BEB3ED16A}"
EndProject
Project("{FAE04EC0-301F-11D3-BF4B-00C04F79EFBC}") = "03.SumOfIntegers", "03.SumOfIntegers\03.SumOfIntegers.csproj", "{53CD22DF-3EAF-4F7A-89DB-E4D50047E32B}"
EndProject
Global
	GlobalSection(SolutionConfigurationPlatforms) = preSolution
		Debug|Any CPU = Debug|Any CPU
		Release|Any CPU = Release|Any CPU
	EndGlobalSection
	GlobalSection(ProjectConfigurationPlatforms) = postSolution
		{D0BEFAC8-F38E-42F6-856B-7FFAD86B0D5D}.Debug|Any CPU.ActiveCfg = Debug|Any CPU
		{D0BEFAC8-F38E-42F6-856B-7FFAD86B0D5D}.Debug|Any CPU.Build.0 = Debug|Any CPU
		{D0BEFAC8-F38E-42F6-856B-7FFAD86B0D5D}.Release|Any CPU.ActiveCfg = Release|Any CPU
		{D0BEFAC8-F38E-42F6-856B-7FFAD86B0D5D}.Release|Any CPU.Build.0 = Release|Any CPU
		{69FA23C2-2DF2-4537-80B2-537BEB3ED16A}.Debug|Any CPU.ActiveCfg = Debug|Any CPU
		{69FA23C2-2DF2-4537-80B2-537BEB3ED16A}.Debug|Any CPU.Build.0 = Debug|Any CPU
		{69FA23C2-2DF2-4537-80B2-537BEB3ED16A}.Release|Any CPU.ActiveCfg = Release|Any CPU
		{69FA23C2-2DF2-4537-80B2-537BEB3ED16A}.Release|Any CPU.Build.0 = Release|Any CPU
		{53CD22DF-3EAF-4F7A-89DB-E4D50047E32B}.Debug|Any CPU.ActiveCfg = Debug|Any CPU
		{53CD22DF-3EAF-4F7A-89DB-E4D50047E32B}.Debug|Any CPU.Build.0 = Debug|Any CPU
		{53CD22DF-3EAF-4F7A-89DB-E4D50047E32B}.Release|Any CPU.ActiveCfg = Release|Any CPU
		{53CD22DF-3EAF-4F7A-89DB-E4D50047E32B}.Release|Any CPU.Build.0 = Release|Any CPU
	EndGlobalSection
	GlobalSection(SolutionProperties) = preSolution
		HideSolutionNode = FALSE
	EndGlobalSection
	GlobalSection(ExtensibilityGlobals) = postSolution
		SolutionGuid = {A18B0D85-2D8F-43C9-8F1E-AE05FD3D8196}
	EndGlobalSection
EndGlobal
