
Microsoft Visual Studio Solution File, Format Version 12.00
# Visual Studio Version 17
VisualStudioVersion = 17.14.36109.1 d17.14
MinimumVisualStudioVersion = 10.0.40219.1
Project("{FAE04EC0-301F-11D3-BF4B-00C04F79EFBC}") = "01.VowelsCount", "01.VowelsCount\01.VowelsCount.csproj", "{D304814E-9773-4E1B-8A69-72E1E0301F3E}"
EndProject
Project("{FAE04EC0-301F-11D3-BF4B-00C04F79EFBC}") = "02.FactorialDivision", "02.FactorialDivision\02.FactorialDivision.csproj", "{2FCDC1B8-F57D-4456-AB15-AD13CBDA04B8}"
EndProject
Project("{FAE04EC0-301F-11D3-BF4B-00C04F79EFBC}") = "03.MultiplicationSign", "03.MultiplicationSign\03.MultiplicationSign.csproj", "{D9A77320-D657-413D-8323-590A0913067F}"
EndProject
Project("{FAE04EC0-301F-11D3-BF4B-00C04F79EFBC}") = "04.PasswordValidator", "04.PasswordValidator\04.PasswordValidator.csproj", "{933E1B87-1EBA-4602-8363-5FA41CA45BCD}"
EndProject
Project("{FAE04EC0-301F-11D3-BF4B-00C04F79EFBC}") = "06.MultiplyEvensByOdds", "06.MultiplyEvensByOdds\06.MultiplyEvensByOdds.csproj", "{5D45F370-D94C-4ED2-9CCD-3A7E8AD90DE9}"
EndProject
Project("{FAE04EC0-301F-11D3-BF4B-00C04F79EFBC}") = "07.Orders", "07.Orders\07.Orders.csproj", "{6D4AD8AC-E9C4-41D9-9C8A-A8CE3C557AC9}"
EndProject
Global
	GlobalSection(SolutionConfigurationPlatforms) = preSolution
		Debug|Any CPU = Debug|Any CPU
		Release|Any CPU = Release|Any CPU
	EndGlobalSection
	GlobalSection(ProjectConfigurationPlatforms) = postSolution
		{D304814E-9773-4E1B-8A69-72E1E0301F3E}.Debug|Any CPU.ActiveCfg = Debug|Any CPU
		{D304814E-9773-4E1B-8A69-72E1E0301F3E}.Debug|Any CPU.Build.0 = Debug|Any CPU
		{D304814E-9773-4E1B-8A69-72E1E0301F3E}.Release|Any CPU.ActiveCfg = Release|Any CPU
		{D304814E-9773-4E1B-8A69-72E1E0301F3E}.Release|Any CPU.Build.0 = Release|Any CPU
		{2FCDC1B8-F57D-4456-AB15-AD13CBDA04B8}.Debug|Any CPU.ActiveCfg = Debug|Any CPU
		{2FCDC1B8-F57D-4456-AB15-AD13CBDA04B8}.Debug|Any CPU.Build.0 = Debug|Any CPU
		{2FCDC1B8-F57D-4456-AB15-AD13CBDA04B8}.Release|Any CPU.ActiveCfg = Release|Any CPU
		{2FCDC1B8-F57D-4456-AB15-AD13CBDA04B8}.Release|Any CPU.Build.0 = Release|Any CPU
		{D9A77320-D657-413D-8323-590A0913067F}.Debug|Any CPU.ActiveCfg = Debug|Any CPU
		{D9A77320-D657-413D-8323-590A0913067F}.Debug|Any CPU.Build.0 = Debug|Any CPU
		{D9A77320-D657-413D-8323-590A0913067F}.Release|Any CPU.ActiveCfg = Release|Any CPU
		{D9A77320-D657-413D-8323-590A0913067F}.Release|Any CPU.Build.0 = Release|Any CPU
		{933E1B87-1EBA-4602-8363-5FA41CA45BCD}.Debug|Any CPU.ActiveCfg = Debug|Any CPU
		{933E1B87-1EBA-4602-8363-5FA41CA45BCD}.Debug|Any CPU.Build.0 = Debug|Any CPU
		{933E1B87-1EBA-4602-8363-5FA41CA45BCD}.Release|Any CPU.ActiveCfg = Release|Any CPU
		{933E1B87-1EBA-4602-8363-5FA41CA45BCD}.Release|Any CPU.Build.0 = Release|Any CPU
		{5D45F370-D94C-4ED2-9CCD-3A7E8AD90DE9}.Debug|Any CPU.ActiveCfg = Debug|Any CPU
		{5D45F370-D94C-4ED2-9CCD-3A7E8AD90DE9}.Debug|Any CPU.Build.0 = Debug|Any CPU
		{5D45F370-D94C-4ED2-9CCD-3A7E8AD90DE9}.Release|Any CPU.ActiveCfg = Release|Any CPU
		{5D45F370-D94C-4ED2-9CCD-3A7E8AD90DE9}.Release|Any CPU.Build.0 = Release|Any CPU
		{6D4AD8AC-E9C4-41D9-9C8A-A8CE3C557AC9}.Debug|Any CPU.ActiveCfg = Debug|Any CPU
		{6D4AD8AC-E9C4-41D9-9C8A-A8CE3C557AC9}.Debug|Any CPU.Build.0 = Debug|Any CPU
		{6D4AD8AC-E9C4-41D9-9C8A-A8CE3C557AC9}.Release|Any CPU.ActiveCfg = Release|Any CPU
		{6D4AD8AC-E9C4-41D9-9C8A-A8CE3C557AC9}.Release|Any CPU.Build.0 = Release|Any CPU
	EndGlobalSection
	GlobalSection(SolutionProperties) = preSolution
		HideSolutionNode = FALSE
	EndGlobalSection
	GlobalSection(ExtensibilityGlobals) = postSolution
		SolutionGuid = {428B7BB6-B8BC-4FA3-9EBD-8374176CB98D}
	EndGlobalSection
EndGlobal
